{
  "nodes": {
    "awesome-src": {
      "flake": false,
      "locked": {
        "lastModified": 1647882589,
        "narHash": "sha256-EDAL7NnLF2BiVI8DAlEciiZtDmwXOzCPypGTrlN/OoQ=",
        "owner": "awesomeWM",
        "repo": "awesome",
        "rev": "c539e0e4350a42f813952fc28dd8490f42d934b3",
        "type": "github"
      },
      "original": {
        "owner": "awesomeWM",
        "repo": "awesome",
        "type": "github"
      }
    },
    "bin": {
      "inputs": {
        "nixpkgs": [
          "nixpkgs"
        ],
        "unstable": "unstable"
      },
      "locked": {
        "lastModified": 1650454153,
        "narHash": "sha256-SF64t3qNMf20axTPfqUG5Fg4oO/N4fPGcdkWM3VvnEQ=",
        "owner": "Tanish2002",
        "repo": "bin",
        "rev": "0ced0d1c1f664c78a8d8929492894e41e8e4f116",
        "type": "github"
      },
      "original": {
        "owner": "Tanish2002",
        "repo": "bin",
        "type": "github"
      }
    },
    "cachix": {
      "locked": {
        "lastModified": 1651662302,
        "narHash": "sha256-utlTjLa1s4ezdQIUvnBtmA9TBYFrPlXpAJnCXEiZFZI=",
        "owner": "nixos",
        "repo": "nixpkgs",
        "rev": "dff5496b12817e3d019983827c4b7ba7beb96580",
        "type": "github"
      },
      "original": {
        "owner": "nixos",
        "ref": "nixos-21.11",
        "repo": "nixpkgs",
        "type": "github"
      }
    },
    "comma": {
      "inputs": {
        "flake-compat": "flake-compat",
        "naersk": "naersk",
        "nixpkgs": [
          "nixpkgs"
        ],
        "utils": "utils"
      },
      "locked": {
        "lastModified": 1650481854,
        "narHash": "sha256-CZQLigKovJbMoTbPuWT3SBSMymjD58m72O/oy+HilQg=",
        "owner": "nix-community",
        "repo": "comma",
        "rev": "034a9ca440370fc1eccbed43ff345fb6ea1f0d27",
        "type": "github"
      },
      "original": {
        "owner": "nix-community",
        "repo": "comma",
        "type": "github"
      }
    },
    "devshell": {
      "inputs": {
        "flake-utils": "flake-utils",
        "nixpkgs": "nixpkgs_2"
      },
      "locked": {
        "lastModified": 1647857022,
        "narHash": "sha256-Aw70NWLOIwKhT60MHDGjgWis3DP3faCzr6ap9CSayek=",
        "owner": "numtide",
        "repo": "devshell",
        "rev": "0a5ff74dacb9ea22614f64e61aeb3ca0bf0e7311",
        "type": "github"
      },
      "original": {
        "owner": "numtide",
        "repo": "devshell",
        "type": "github"
      }
    },
    "discocss": {
      "inputs": {
        "flake-utils": [
          "flake-utils"
        ],
        "nixpkgs": [
          "nixpkgs"
        ]
      },
      "locked": {
        "lastModified": 1620525524,
        "narHash": "sha256-CUGovwgpSUmseoeOPt222ncS00jTcUJQfz3+ZJgWFNE=",
        "owner": "mlvzk",
        "repo": "discocss",
        "rev": "5d14737ae943a67a6791ba2107a820122cbf0174",
        "type": "github"
      },
      "original": {
        "owner": "mlvzk",
        "ref": "flake",
        "repo": "discocss",
        "type": "github"
      }
    },
    "discord-overlay": {
      "inputs": {
        "nixpkgs": [
          "nixpkgs"
        ]
      },
      "locked": {
        "lastModified": 1651471097,
        "narHash": "sha256-RxGkPXlY3xgiD+yQ5WydFBFga11cGrz1XcdW6czKqNM=",
        "owner": "InternetUnexplorer",
        "repo": "discord-overlay",
        "rev": "1798de47f2b35c21feb146a67e953d4dc457819b",
        "type": "github"
      },
      "original": {
        "owner": "InternetUnexplorer",
        "repo": "discord-overlay",
        "type": "github"
      }
    },
    "doom-emacs": {
      "flake": false,
      "locked": {
        "lastModified": 1650579692,
        "narHash": "sha256-74zNPQQP9B6GKD58C+vq/iO9OjUq3RF1v554HQ+udJE=",
        "owner": "hlissner",
        "repo": "doom-emacs",
        "rev": "d41cff489f6d8ad326abcb2ccb53d716690b2c16",
        "type": "github"
      },
      "original": {
        "owner": "hlissner",
        "ref": "master",
        "repo": "doom-emacs",
        "type": "github"
      }
    },
    "doom-snippets": {
      "flake": false,
      "locked": {
        "lastModified": 1650572985,
        "narHash": "sha256-8qxVbfB1JGW1VVHofs8+v5UBaNCedolfrVVbxWP1C10=",
        "owner": "hlissner",
        "repo": "doom-snippets",
        "rev": "d1c00c5b12d842dcc786be8dbb129743dc1b68f1",
        "type": "github"
      },
      "original": {
        "owner": "hlissner",
        "repo": "doom-snippets",
        "type": "github"
      }
    },
    "dwm-tanish2002": {
      "inputs": {
        "nixpkgs": [
          "nixpkgs"
        ]
      },
      "locked": {
        "lastModified": 1646221363,
        "narHash": "sha256-dUVrfNJO+PvNimPdHBjHWSBqaSmJZey/Ue62NkqR5Qo=",
        "owner": "Tanish2002",
        "repo": "dwm-tanish2002",
        "rev": "92bc2a6065616184deeeb7b71b5a71296a2ba794",
        "type": "github"
      },
      "original": {
        "owner": "Tanish2002",
        "repo": "dwm-tanish2002",
        "type": "github"
      }
    },
    "emacs-ng": {
      "inputs": {
        "devshell": "devshell",
        "emacs-overlay": "emacs-overlay",
        "flake-compat": "flake-compat_2",
        "flake-utils": "flake-utils_2",
        "nixpkgs": "nixpkgs_3",
        "rust-overlay": "rust-overlay"
      },
      "locked": {
        "lastModified": 1649294402,
        "narHash": "sha256-MxZCLuAqwWcy4LYfTE+wxfJOzLe6ryy+XLOqDdf5Gn0=",
        "owner": "emacs-ng",
        "repo": "emacs-ng",
        "rev": "6b6dfb3b0d9edb97e7f094dfc5f5802036f3abc5",
        "type": "github"
      },
      "original": {
        "owner": "emacs-ng",
        "ref": "v0.0.6b6dfb3",
        "repo": "emacs-ng",
        "type": "github"
      }
    },
    "emacs-overlay": {
      "locked": {
        "lastModified": 1649269279,
        "narHash": "sha256-bvnfwOr8equu8UU8EJ1AZIyY/hOvyKHd9C99xh6odTI=",
        "owner": "nix-community",
        "repo": "emacs-overlay",
        "rev": "7f24256e2e5423ad21b1953977fa102aa3401dfb",
        "type": "github"
      },
      "original": {
        "owner": "nix-community",
        "repo": "emacs-overlay",
        "type": "github"
      }
    },
    "emacs-overlay_2": {
      "flake": false,
      "locked": {
        "lastModified": 1650566870,
        "narHash": "sha256-FRRO7P5Uf85lhcl7h/z81v94j4Tk83Ncqrry3zl8Vbc=",
        "owner": "nix-community",
        "repo": "emacs-overlay",
        "rev": "fef4e2e46ee8e42b68571cabc0bd73998e0d078f",
        "type": "github"
      },
      "original": {
        "owner": "nix-community",
        "repo": "emacs-overlay",
        "type": "github"
      }
    },
    "emacs-so-long": {
      "flake": false,
      "locked": {
        "lastModified": 1575031854,
        "narHash": "sha256-xIa5zO0ZaToDrec1OFjBK6l39AbA4l/CE4LInVu2hi0=",
        "owner": "hlissner",
        "repo": "emacs-so-long",
        "rev": "ed666b0716f60e8988c455804de24b55919e71ca",
        "type": "github"
      },
      "original": {
        "owner": "hlissner",
        "repo": "emacs-so-long",
        "type": "github"
      }
    },
    "evil-markdown": {
      "flake": false,
      "locked": {
        "lastModified": 1626852210,
        "narHash": "sha256-HBBuZ1VWIn6kwK5CtGIvHM1+9eiNiKPH0GUsyvpUVN8=",
        "owner": "Somelauw",
        "repo": "evil-markdown",
        "rev": "8e6cc68af83914b2fa9fd3a3b8472573dbcef477",
        "type": "github"
      },
      "original": {
        "owner": "Somelauw",
        "repo": "evil-markdown",
        "type": "github"
      }
    },
    "evil-org-mode": {
      "flake": false,
      "locked": {
        "lastModified": 1607203864,
        "narHash": "sha256-JxwqVYDN6OIJEH15MVI6XOZAPtUWUhJQWHyzcrUvrFg=",
        "owner": "hlissner",
        "repo": "evil-org-mode",
        "rev": "a9706da260c45b98601bcd72b1d2c0a24a017700",
        "type": "github"
      },
      "original": {
        "owner": "hlissner",
        "repo": "evil-org-mode",
        "type": "github"
      }
    },
    "evil-quick-diff": {
      "flake": false,
      "locked": {
        "lastModified": 1575189609,
        "narHash": "sha256-oGzl1ayW9rIuq0haoiFS7RZsS8NFMdEA7K1BSozgnJU=",
        "owner": "rgrinberg",
        "repo": "evil-quick-diff",
        "rev": "69c883720b30a892c63bc89f49d4f0e8b8028908",
        "type": "github"
      },
      "original": {
        "owner": "rgrinberg",
        "repo": "evil-quick-diff",
        "type": "github"
      }
    },
    "eww": {
      "inputs": {
        "fenix": "fenix",
        "flake-compat": "flake-compat_3",
        "flake-utils": "flake-utils_6",
        "naersk": "naersk_2",
        "nixpkgs": "nixpkgs_9"
      },
      "locked": {
        "lastModified": 1651234814,
        "narHash": "sha256-R/n2HTMfLCj9Xw+ViXE+7V116b6wsaWoVdOpJzuo3nM=",
        "owner": "elkowar",
        "repo": "eww",
        "rev": "d1b222fa7fbe8ae66d25afa6bffb3e4127d9efbe",
        "type": "github"
      },
      "original": {
        "owner": "elkowar",
        "repo": "eww",
        "type": "github"
      }
    },
    "explain-pause-mode": {
      "flake": false,
      "locked": {
        "lastModified": 1595842060,
        "narHash": "sha256-++znrjiDSx+cy4okFBBXUBkRFdtnE2x+trkmqjB3Njs=",
        "owner": "lastquestion",
        "repo": "explain-pause-mode",
        "rev": "2356c8c3639cbeeb9751744dbe737267849b4b51",
        "type": "github"
      },
      "original": {
        "owner": "lastquestion",
        "repo": "explain-pause-mode",
        "type": "github"
      }
    },
    "fenix": {
      "inputs": {
        "nixpkgs": "nixpkgs_7",
        "rust-analyzer-src": "rust-analyzer-src"
      },
      "locked": {
        "lastModified": 1635402244,
        "narHash": "sha256-4bUSYJDRxAo66UpNkFmEMRIWMdDXBEnq8GB/rG++Y3A=",
        "owner": "nix-community",
        "repo": "fenix",
        "rev": "840f96d1f3257d64c04fe949dfc9c0b4795c04c1",
        "type": "github"
      },
      "original": {
        "owner": "nix-community",
        "repo": "fenix",
        "type": "github"
      }
    },
    "flake-compat": {
      "flake": false,
      "locked": {
        "lastModified": 1648199409,
        "narHash": "sha256-JwPKdC2PoVBkG6E+eWw3j6BMR6sL3COpYWfif7RVb8Y=",
        "owner": "edolstra",
        "repo": "flake-compat",
        "rev": "64a525ee38886ab9028e6f61790de0832aa3ef03",
        "type": "github"
      },
      "original": {
        "owner": "edolstra",
        "repo": "flake-compat",
        "type": "github"
      }
    },
    "flake-compat_2": {
      "flake": false,
      "locked": {
        "lastModified": 1648199409,
        "narHash": "sha256-JwPKdC2PoVBkG6E+eWw3j6BMR6sL3COpYWfif7RVb8Y=",
        "owner": "edolstra",
        "repo": "flake-compat",
        "rev": "64a525ee38886ab9028e6f61790de0832aa3ef03",
        "type": "github"
      },
      "original": {
        "owner": "edolstra",
        "repo": "flake-compat",
        "type": "github"
      }
    },
    "flake-compat_3": {
      "flake": false,
      "locked": {
        "lastModified": 1627913399,
        "narHash": "sha256-hY8g6H2KFL8ownSiFeMOjwPC8P0ueXpCVEbxgda3pko=",
        "owner": "edolstra",
        "repo": "flake-compat",
        "rev": "12c64ca55c1014cdc1b16ed5a804aa8576601ff2",
        "type": "github"
      },
      "original": {
        "owner": "edolstra",
        "repo": "flake-compat",
        "type": "github"
      }
    },
    "flake-compat_4": {
      "flake": false,
      "locked": {
        "lastModified": 1650374568,
        "narHash": "sha256-Z+s0J8/r907g149rllvwhb4pKi8Wam5ij0st8PwAh+E=",
        "owner": "edolstra",
        "repo": "flake-compat",
        "rev": "b4a34015c698c7793d592d66adbab377907a2be8",
        "type": "github"
      },
      "original": {
        "owner": "edolstra",
        "repo": "flake-compat",
        "type": "github"
      }
    },
    "flake-utils": {
      "locked": {
        "lastModified": 1642700792,
        "narHash": "sha256-XqHrk7hFb+zBvRg6Ghl+AZDq03ov6OshJLiSWOoX5es=",
        "owner": "numtide",
        "repo": "flake-utils",
        "rev": "846b2ae0fc4cc943637d3d1def4454213e203cba",
        "type": "github"
      },
      "original": {
        "owner": "numtide",
        "repo": "flake-utils",
        "type": "github"
      }
    },
    "flake-utils_2": {
      "locked": {
        "lastModified": 1648297722,
        "narHash": "sha256-W+qlPsiZd8F3XkzXOzAoR+mpFqzm3ekQkJNa+PIh1BQ=",
        "owner": "numtide",
        "repo": "flake-utils",
        "rev": "0f8662f1319ad6abf89b3380dd2722369fc51ade",
        "type": "github"
      },
      "original": {
        "owner": "numtide",
        "repo": "flake-utils",
        "type": "github"
      }
    },
    "flake-utils_3": {
      "locked": {
        "lastModified": 1637014545,
        "narHash": "sha256-26IZAc5yzlD9FlDT54io1oqG/bBoyka+FJk5guaX4x4=",
        "owner": "numtide",
        "repo": "flake-utils",
        "rev": "bba5dcc8e0b20ab664967ad83d24d64cb64ec4f4",
        "type": "github"
      },
      "original": {
        "owner": "numtide",
        "repo": "flake-utils",
        "type": "github"
      }
    },
    "flake-utils_4": {
      "locked": {
        "lastModified": 1649676176,
        "narHash": "sha256-OWKJratjt2RW151VUlJPRALb7OU2S5s+f0vLj4o1bHM=",
        "owner": "numtide",
        "repo": "flake-utils",
        "rev": "a4b154ebbdc88c8498a5c7b01589addc9e9cb678",
        "type": "github"
      },
      "original": {
        "owner": "numtide",
        "repo": "flake-utils",
        "type": "github"
      }
    },
    "flake-utils_5": {
      "locked": {
        "lastModified": 1649676176,
        "narHash": "sha256-OWKJratjt2RW151VUlJPRALb7OU2S5s+f0vLj4o1bHM=",
        "owner": "numtide",
        "repo": "flake-utils",
        "rev": "a4b154ebbdc88c8498a5c7b01589addc9e9cb678",
        "type": "github"
      },
      "original": {
        "owner": "numtide",
        "repo": "flake-utils",
        "type": "github"
      }
    },
    "flake-utils_6": {
      "locked": {
        "lastModified": 1634851050,
        "narHash": "sha256-N83GlSGPJJdcqhUxSCS/WwW5pksYf3VP1M13cDRTSVA=",
        "owner": "numtide",
        "repo": "flake-utils",
        "rev": "c91f3de5adaf1de973b797ef7485e441a65b8935",
        "type": "github"
      },
      "original": {
        "owner": "numtide",
        "repo": "flake-utils",
        "type": "github"
      }
    },
    "flake-utils_7": {
      "locked": {
        "lastModified": 1649676176,
        "narHash": "sha256-OWKJratjt2RW151VUlJPRALb7OU2S5s+f0vLj4o1bHM=",
        "owner": "numtide",
        "repo": "flake-utils",
        "rev": "a4b154ebbdc88c8498a5c7b01589addc9e9cb678",
        "type": "github"
      },
      "original": {
        "owner": "numtide",
        "repo": "flake-utils",
        "type": "github"
      }
    },
    "flake-utils_8": {
      "locked": {
        "lastModified": 1644229661,
        "narHash": "sha256-1YdnJAsNy69bpcjuoKdOYQX0YxZBiCYZo4Twxerqv7k=",
        "owner": "numtide",
        "repo": "flake-utils",
        "rev": "3cecb5b042f7f209c56ffd8371b2711a290ec797",
        "type": "github"
      },
      "original": {
        "owner": "numtide",
        "repo": "flake-utils",
        "type": "github"
      }
    },
    "format-all": {
      "flake": false,
      "locked": {
        "lastModified": 1581716637,
        "narHash": "sha256-ul7LCe60W8TIvUmUtZtZRo8489TK9iTPDsLHmzxY57M=",
        "owner": "lassik",
        "repo": "emacs-format-all-the-code",
        "rev": "47d862d40a088ca089c92cd393c6dca4628f87d3",
        "type": "github"
      },
      "original": {
        "owner": "lassik",
        "repo": "emacs-format-all-the-code",
        "rev": "47d862d40a088ca089c92cd393c6dca4628f87d3",
        "type": "github"
      }
    },
    "home-manager": {
      "inputs": {
        "nixpkgs": [
          "nixpkgs"
        ]
      },
      "locked": {
        "lastModified": 1651531343,
        "narHash": "sha256-DBJFMNlWcht3jdKE2KVbcy1g/e/yryrSs1qSViQd4lE=",
        "owner": "nix-community",
        "repo": "home-manager",
        "rev": "0304f0f58b4c538ff704c58d53a778b062810ec7",
        "type": "github"
      },
      "original": {
        "owner": "nix-community",
        "repo": "home-manager",
        "type": "github"
      }
    },
    "hyprland-src": {
      "flake": false,
      "locked": {
        "lastModified": 1651756790,
        "narHash": "sha256-h4bHo/ULzfn6zYPJ6zeSOR/SYWuWq+0xum4imss4d4U=",
        "owner": "vaxerski",
        "repo": "hyprland",
        "rev": "9ddfe0b4ae71e8a951228470ac4bb6ba5c589f56",
        "type": "github"
      },
      "original": {
        "owner": "vaxerski",
        "repo": "hyprland",
        "type": "github"
      }
    },
    "naersk": {
      "inputs": {
        "nixpkgs": "nixpkgs"
      },
      "locked": {
        "lastModified": 1650101877,
        "narHash": "sha256-IYxYc5Z1ZHQDTQbTWsOZ9HlZepsVjgV5oZwmbKzxSJs=",
        "owner": "nix-community",
        "repo": "naersk",
        "rev": "8cc379478819e6a22ce7595a761fe1e17c8d7458",
        "type": "github"
      },
      "original": {
        "owner": "nix-community",
        "ref": "master",
        "repo": "naersk",
        "type": "github"
      }
    },
    "naersk_2": {
      "inputs": {
        "nixpkgs": "nixpkgs_8"
      },
      "locked": {
        "lastModified": 1635444951,
        "narHash": "sha256-1y3YkERwoYDIZjGow7HLAR8K3C/9VBPCBy8VpftMPsM=",
        "owner": "nmattia",
        "repo": "naersk",
        "rev": "0d2ce479df4633dbeb53a8ea96e5098ed37fbcc6",
        "type": "github"
      },
      "original": {
        "owner": "nmattia",
        "repo": "naersk",
        "type": "github"
      }
    },
    "nix-doom-emacs": {
      "inputs": {
        "doom-emacs": "doom-emacs",
        "doom-snippets": "doom-snippets",
        "emacs-overlay": "emacs-overlay_2",
        "emacs-so-long": "emacs-so-long",
        "evil-markdown": "evil-markdown",
        "evil-org-mode": "evil-org-mode",
        "evil-quick-diff": "evil-quick-diff",
        "explain-pause-mode": "explain-pause-mode",
        "flake-utils": "flake-utils_5",
        "format-all": "format-all",
        "nix-straight": "nix-straight",
        "nixpkgs": "nixpkgs_5",
        "nose": "nose",
        "ob-racket": "ob-racket",
        "org": "org",
        "org-contrib": "org-contrib",
        "org-yt": "org-yt",
        "php-extras": "php-extras",
        "revealjs": "revealjs",
        "rotate-text": "rotate-text"
      },
      "locked": {
        "lastModified": 1650592208,
        "narHash": "sha256-bnWD7X3hAsJPoORbK7SOew1kIlUdp4S2oMAiEl5DrWE=",
        "owner": "nix-community",
        "repo": "nix-doom-emacs",
        "rev": "8e818ce70f399fcb11211296cf5bcb332203d7f2",
        "type": "github"
      },
      "original": {
        "owner": "nix-community",
        "repo": "nix-doom-emacs",
        "type": "github"
      }
    },
    "nix-straight": {
      "flake": false,
      "locked": {
        "lastModified": 1643475817,
        "narHash": "sha256-NpExq5nbPbj/ppkBX3SnETEJuOne1MKJxen8vVHsDFg=",
        "owner": "nix-community",
        "repo": "nix-straight.el",
        "rev": "08d75e5651cb52f8a07e03408ed19e04bee07505",
        "type": "github"
      },
      "original": {
        "owner": "nix-community",
        "repo": "nix-straight.el",
        "type": "github"
      }
    },
    "nix-zsh-completions": {
      "flake": false,
      "locked": {
        "lastModified": 1614026477,
        "narHash": "sha256-TWgo56l+FBXssOYWlAfJ5j4pOHNmontOEolcGdihIJs=",
        "owner": "spwhitt",
        "repo": "nix-zsh-completions",
        "rev": "468d8cf752a62b877eba1a196fbbebb4ce4ebb6f",
        "type": "github"
      },
      "original": {
        "owner": "spwhitt",
        "repo": "nix-zsh-completions",
        "type": "github"
      }
    },
    "nixpkgs": {
      "locked": {
        "lastModified": 1651369430,
        "narHash": "sha256-d86uUm0s11exU9zLo2K1AwtJQJDKubFpoF0Iw767uT4=",
        "owner": "NixOS",
        "repo": "nixpkgs",
        "rev": "b283b64580d1872333a99af2b4cef91bb84580cf",
        "type": "github"
      },
      "original": {
        "id": "nixpkgs",
        "type": "indirect"
      }
    },
    "nixpkgs-2105": {
      "locked": {
        "lastModified": 1645296114,
        "narHash": "sha256-y53N7TyIkXsjMpOG7RhvqJFGDacLs9HlyHeSTBioqYU=",
        "owner": "nixos",
        "repo": "nixpkgs",
        "rev": "530a53dcbc9437363471167a5e4762c5fcfa34a1",
        "type": "github"
      },
      "original": {
        "owner": "nixos",
        "ref": "nixos-21.05",
        "repo": "nixpkgs",
        "type": "github"
      }
    },
    "nixpkgs-f2k": {
      "inputs": {
        "awesome-src": "awesome-src",
        "eww": "eww",
        "flake-utils": "flake-utils_7",
        "hyprland-src": "hyprland-src",
        "nixpkgs": [
          "unstable"
        ],
        "nixpkgs-wayland": "nixpkgs-wayland",
        "phocus-src": "phocus-src",
        "picom-dccsillag": "picom-dccsillag",
        "picom-pijulius": "picom-pijulius",
        "picom-src": "picom-src",
        "river-src": "river-src"
      },
      "locked": {
        "lastModified": 1651811385,
        "narHash": "sha256-JhzZ/TF2FDnzsN6g/P6O29jXbImHnvKNwgG2IEv6B4E=",
        "owner": "fortuneteller2k",
        "repo": "nixpkgs-f2k",
        "rev": "5f645b5702072ee0d284ac6ecaf0d8b8dceaf0bb",
        "type": "github"
      },
      "original": {
        "owner": "fortuneteller2k",
        "repo": "nixpkgs-f2k",
        "type": "github"
      }
    },
    "nixpkgs-wayland": {
      "inputs": {
        "cachix": "cachix",
        "flake-compat": "flake-compat_4",
        "nixpkgs": "nixpkgs_10"
      },
      "locked": {
        "lastModified": 1651755348,
        "narHash": "sha256-NnK4+9JGnvX+JjLCVfI1XAMOvy+dDhK0xC20jIjt2fA=",
        "owner": "nix-community",
        "repo": "nixpkgs-wayland",
        "rev": "c3329908d5067b979762cc33fa08f75b344897b6",
        "type": "github"
      },
      "original": {
        "owner": "nix-community",
        "repo": "nixpkgs-wayland",
        "type": "github"
      }
    },
    "nixpkgs_10": {
      "locked": {
        "lastModified": 1651558728,
        "narHash": "sha256-8HzyRnWlgZluUrVFNOfZAOlA1fghpOSezXvxhalGMUo=",
        "owner": "nixos",
        "repo": "nixpkgs",
        "rev": "cbe587c735b734405f56803e267820ee1559e6c1",
        "type": "github"
      },
      "original": {
        "owner": "nixos",
        "ref": "nixos-unstable",
        "repo": "nixpkgs",
        "type": "github"
      }
    },
    "nixpkgs_2": {
      "locked": {
        "lastModified": 1643381941,
        "narHash": "sha256-pHTwvnN4tTsEKkWlXQ8JMY423epos8wUOhthpwJjtpc=",
        "owner": "NixOS",
        "repo": "nixpkgs",
        "rev": "5efc8ca954272c4376ac929f4c5ffefcc20551d5",
        "type": "github"
      },
      "original": {
        "owner": "NixOS",
        "ref": "nixpkgs-unstable",
        "repo": "nixpkgs",
        "type": "github"
      }
    },
    "nixpkgs_3": {
      "locked": {
        "lastModified": 1648219316,
        "narHash": "sha256-Ctij+dOi0ZZIfX5eMhgwugfvB+WZSrvVNAyAuANOsnQ=",
        "owner": "NixOS",
        "repo": "nixpkgs",
        "rev": "30d3d79b7d3607d56546dd2a6b49e156ba0ec634",
        "type": "github"
      },
      "original": {
        "owner": "NixOS",
        "ref": "nixpkgs-unstable",
        "repo": "nixpkgs",
        "type": "github"
      }
    },
    "nixpkgs_4": {
      "locked": {
        "lastModified": 1651369430,
        "narHash": "sha256-d86uUm0s11exU9zLo2K1AwtJQJDKubFpoF0Iw767uT4=",
        "owner": "NixOS",
        "repo": "nixpkgs",
        "rev": "b283b64580d1872333a99af2b4cef91bb84580cf",
        "type": "github"
      },
      "original": {
        "owner": "NixOS",
        "ref": "nixpkgs-unstable",
        "repo": "nixpkgs",
        "type": "github"
      }
    },
    "nixpkgs_5": {
      "locked": {
        "lastModified": 1649961138,
        "narHash": "sha256-8ZCPrazs+qd2V8Elw84lIWuk0kKfVQ8Ei/19gahURhM=",
        "owner": "NixOS",
        "repo": "nixpkgs",
        "rev": "d08394e7cd5c7431a1e8f53b7f581e74ee909548",
        "type": "github"
      },
      "original": {
        "id": "nixpkgs",
        "ref": "nixpkgs-unstable",
        "type": "indirect"
      }
    },
    "nixpkgs_6": {
      "locked": {
        "lastModified": 1651310835,
        "narHash": "sha256-MLk/zsLlbPhwFucxL64Fr+oIrvQC2/76Ap2F7ekbPNI=",
        "owner": "nixos",
        "repo": "nixpkgs",
        "rev": "fd3e33d696b81e76b30160dfad2efb7ac1f19879",
        "type": "github"
      },
      "original": {
        "owner": "nixos",
        "ref": "nixos-21.11",
        "repo": "nixpkgs",
        "type": "github"
      }
    },
    "nixpkgs_7": {
      "locked": {
        "lastModified": 1651726670,
        "narHash": "sha256-dSGdzB49SEvdOJvrQWfQYkAefewXraHIV08Vz6iDXWQ=",
        "owner": "nixos",
        "repo": "nixpkgs",
        "rev": "c777cdf5c564015d5f63b09cc93bef4178b19b01",
        "type": "github"
      },
      "original": {
        "owner": "nixos",
        "ref": "nixos-unstable",
        "repo": "nixpkgs",
        "type": "github"
      }
    },
    "nixpkgs_8": {
      "locked": {
        "lastModified": 1635481254,
        "narHash": "sha256-tyVpgjeNhzCP2bBdIgFOkTtwDJWO/bKp59V5ctfonyg=",
        "owner": "NixOS",
        "repo": "nixpkgs",
        "rev": "f1d9248eddad2369fca6572470670ec45aa85272",
        "type": "github"
      },
      "original": {
        "id": "nixpkgs",
        "type": "indirect"
      }
    },
    "nixpkgs_9": {
      "locked": {
        "lastModified": 1635336330,
        "narHash": "sha256-EPrCZTmuOEY1KLjUCu7rXCBxNemggIFJMDdfEqXQKGo=",
        "owner": "NixOS",
        "repo": "nixpkgs",
        "rev": "51acb65b302551ac7993b437cc6863fe9fa8ae50",
        "type": "github"
      },
      "original": {
        "id": "nixpkgs",
        "ref": "nixpkgs-unstable",
        "type": "indirect"
      }
    },
    "nixvim": {
      "inputs": {
        "nixpkgs": [
          "nixpkgs"
        ],
        "nmdSrc": "nmdSrc"
      },
      "locked": {
        "lastModified": 1650622951,
        "narHash": "sha256-7Pv0kOi+BWHz2yonhGhqn8HbxNa9suR2diSPTt50Z14=",
        "owner": "pta2002",
        "repo": "nixvim",
        "rev": "d934a33ab59c5de81979b4ea6e066d182ea85051",
        "type": "github"
      },
      "original": {
        "owner": "pta2002",
        "repo": "nixvim",
        "type": "github"
      }
    },
    "nmdSrc": {
      "flake": false,
      "locked": {
        "lastModified": 1637239786,
        "narHash": "sha256-l2KsnY537mz0blZdqALZKrWXn9PD39CpvotgPnxyIP4=",
        "owner": "rycee",
        "repo": "nmd",
        "rev": "527245ff605bde88c2dd2ddae21c6479bb7cf8aa",
        "type": "gitlab"
      },
      "original": {
        "owner": "rycee",
        "repo": "nmd",
        "type": "gitlab"
      }
    },
    "nose": {
      "flake": false,
      "locked": {
        "lastModified": 1400604510,
        "narHash": "sha256-daEi8Kta1oGaDEmUUDDQMahTTPOpvNpDKk22rlr7cB0=",
        "owner": "emacsattic",
        "repo": "nose",
        "rev": "f8528297519eba911696c4e68fa88892de9a7b72",
        "type": "github"
      },
      "original": {
        "owner": "emacsattic",
        "repo": "nose",
        "type": "github"
      }
    },
    "nur": {
      "locked": {
        "lastModified": 1651586954,
        "narHash": "sha256-UkY9P8conevVlWSc1od5PJEMub/e5sHGvdzB37N9mKo=",
        "owner": "nix-community",
        "repo": "NUR",
        "rev": "e1e3c899e9a59e0fe92e3279e6a088b41c4eb7ce",
        "type": "github"
      },
      "original": {
        "owner": "nix-community",
        "repo": "NUR",
        "type": "github"
      }
    },
    "ob-racket": {
      "flake": false,
      "locked": {
        "lastModified": 1584656173,
        "narHash": "sha256-rBUYDDCXb+3D4xTPQo9UocbTPZ32kWV1Uya/1DmZknU=",
        "owner": "xchrishawk",
        "repo": "ob-racket",
        "rev": "83457ec9e1e96a29fd2086ed19432b9d75787673",
        "type": "github"
      },
      "original": {
        "owner": "xchrishawk",
        "repo": "ob-racket",
        "type": "github"
      }
    },
    "org": {
      "flake": false,
      "locked": {
        "lastModified": 1650542422,
        "narHash": "sha256-khWaV6e6q9l216SpwPIjvKBkurdfpvsPpDKZDJS8rLU=",
        "owner": "emacs-straight",
        "repo": "org-mode",
        "rev": "adccb81d5415d0288b10b061c186c0c55dba3aa4",
        "type": "github"
      },
      "original": {
        "owner": "emacs-straight",
        "repo": "org-mode",
        "type": "github"
      }
    },
    "org-contrib": {
      "flake": false,
      "locked": {
        "lastModified": 1639727892,
        "narHash": "sha256-+T6Y87aSAx7kMpigm8d1ODDQIyPBM6a+4qGolXjCEXs=",
        "ref": "master",
        "rev": "5766ff1088191e4df5fecd55007ba4271e609bcc",
        "revCount": 2611,
        "type": "git",
        "url": "https://git.sr.ht/~bzg/org-contrib"
      },
      "original": {
        "type": "git",
        "url": "https://git.sr.ht/~bzg/org-contrib"
      }
    },
    "org-yt": {
      "flake": false,
      "locked": {
        "lastModified": 1527381913,
        "narHash": "sha256-dzQ6B7ryzatHCTLyEnRSbWO0VUiX/FHYnpHTs74aVUs=",
        "owner": "TobiasZawada",
        "repo": "org-yt",
        "rev": "40cc1ac76d741055cbefa13860d9f070a7ade001",
        "type": "github"
      },
      "original": {
        "owner": "TobiasZawada",
        "repo": "org-yt",
        "type": "github"
      }
    },
    "phocus": {
      "flake": false,
      "locked": {
        "lastModified": 1645598271,
        "narHash": "sha256-yqqB9R08dnXPOUjKNrUAzHa/XskgZm55RsS0QsHwj7Y=",
        "owner": "Tanish2002",
        "repo": "gtk",
        "rev": "dfbd24e631f0681153bbb1784fe29d7915fc5470",
        "type": "github"
      },
      "original": {
        "owner": "Tanish2002",
        "repo": "gtk",
        "type": "github"
      }
    },
    "phocus-src": {
      "flake": false,
      "locked": {
        "lastModified": 1650371924,
        "narHash": "sha256-jfJSdZ9pOoTb42ArIjPc9N0qqeckxGb/qWFiSVfZBH0=",
        "owner": "phocus",
        "repo": "gtk",
        "rev": "c5eb54e4f115f089bb2c25a676401c0a55633e08",
        "type": "github"
      },
      "original": {
        "owner": "phocus",
        "repo": "gtk",
        "type": "github"
      }
    },
    "php-extras": {
      "flake": false,
      "locked": {
        "lastModified": 1573312690,
        "narHash": "sha256-r4WyVbzvT0ra4Z6JywNBOw5RxOEYd6Qe2IpebHXkj1U=",
        "owner": "arnested",
        "repo": "php-extras",
        "rev": "d410c5af663c30c01d461ac476d1cbfbacb49367",
        "type": "github"
      },
      "original": {
        "owner": "arnested",
        "repo": "php-extras",
        "type": "github"
      }
    },
    "picom-dccsillag": {
      "flake": false,
      "locked": {
        "lastModified": 1643853705,
        "narHash": "sha256-xNLUh2ecy/7B0ahwYvcrZPBGGGVu9alvRxXJUVQ3zlM=",
        "owner": "dccsillag",
        "repo": "picom",
        "rev": "bc759fd0b1064c00ba34d208c262954abc3460ae",
        "type": "github"
      },
      "original": {
        "owner": "dccsillag",
        "ref": "implement-window-animations",
        "repo": "picom",
        "type": "github"
      }
    },
    "picom-phisch": {
      "inputs": {
        "nixpkgs": [
          "nixpkgs"
        ]
      },
      "locked": {
        "lastModified": 1646220514,
        "narHash": "sha256-oWDn+t1CwBmq/x6v/1oha3rTiow3Q0cLmiWBqy7wv1A=",
        "owner": "Tanish2002",
        "repo": "picom",
        "rev": "5322772f88fa664e4f4943c3de19f0fd98d53ef7",
        "type": "github"
      },
      "original": {
        "owner": "Tanish2002",
        "repo": "picom",
        "type": "github"
      }
    },
    "picom-pijulius": {
      "flake": false,
      "locked": {
        "lastModified": 1634982684,
        "narHash": "sha256-YiuLScDV9UfgI1MiYRtjgRkJ0VuA1TExATA2nJSJMhM=",
        "owner": "pijulius",
        "repo": "picom",
        "rev": "982bb43e5d4116f1a37a0bde01c9bda0b88705b9",
        "type": "github"
      },
      "original": {
        "owner": "pijulius",
        "ref": "implement-window-animations",
        "repo": "picom",
        "type": "github"
      }
    },
    "picom-src": {
      "flake": false,
      "locked": {
        "lastModified": 1649865898,
        "narHash": "sha256-e0Zd/kVqRiYUL6afsp4+JHKSe0qtNLyBE2s6Nem4A1I=",
        "owner": "yshui",
        "repo": "picom",
        "rev": "cd50596f0ed81c0aa28cefed62176bd6f050a1c6",
        "type": "github"
      },
      "original": {
        "owner": "yshui",
        "repo": "picom",
        "type": "github"
      }
    },
    "revealjs": {
      "flake": false,
      "locked": {
        "lastModified": 1649243708,
        "narHash": "sha256-yBCBpnUTJG6EphpRzID61vVlwqrm5iuKDVQjkAQZTkQ=",
        "owner": "hakimel",
        "repo": "reveal.js",
        "rev": "9415ad5d7f329ccd8fbc82627789396a57fdbb3d",
        "type": "github"
      },
      "original": {
        "owner": "hakimel",
        "repo": "reveal.js",
        "type": "github"
      }
    },
    "river-src": {
      "flake": false,
      "locked": {
        "lastModified": 1651424612,
        "narHash": "sha256-TEdUMq1hYfbvX2/31sfT9MowV9qCqYqQHWfuaSMvC4E=",
        "ref": "master",
        "rev": "90b37645cf7744d8cc2a000fd3d74caf95bce204",
        "revCount": 832,
        "submodules": true,
        "type": "git",
        "url": "https://github.com/ifreund/river.git"
      },
      "original": {
        "submodules": true,
        "type": "git",
        "url": "https://github.com/ifreund/river.git"
      }
    },
    "root": {
      "inputs": {
        "bin": "bin",
        "comma": "comma",
        "discocss": "discocss",
        "discord-overlay": "discord-overlay",
        "dwm-tanish2002": "dwm-tanish2002",
        "emacs-ng": "emacs-ng",
        "flake-utils": "flake-utils_4",
        "home-manager": "home-manager",
        "nix-doom-emacs": "nix-doom-emacs",
        "nix-zsh-completions": "nix-zsh-completions",
        "nixpkgs": "nixpkgs_6",
        "nixpkgs-2105": "nixpkgs-2105",
        "nixpkgs-f2k": "nixpkgs-f2k",
        "nixvim": "nixvim",
        "nur": "nur",
        "phocus": "phocus",
        "picom-phisch": "picom-phisch",
        "st-tanish2002": "st-tanish2002",
        "tabbed-tanish2002": "tabbed-tanish2002",
        "unstable": "unstable_2",
        "utils": "utils_2",
        "wallpapers": "wallpapers",
        "xmonad-tanish2002": "xmonad-tanish2002"
      }
    },
    "rotate-text": {
      "flake": false,
      "locked": {
        "lastModified": 1322962747,
        "narHash": "sha256-SOeOgSlcEIsKhUiYDJv0p+mLUb420s9E2BmvZQvZ0wk=",
        "owner": "debug-ito",
        "repo": "rotate-text.el",
        "rev": "48f193697db996855aee1ad2bc99b38c6646fe76",
        "type": "github"
      },
      "original": {
        "owner": "debug-ito",
        "repo": "rotate-text.el",
        "type": "github"
      }
    },
    "rust-analyzer-src": {
      "flake": false,
      "locked": {
        "lastModified": 1635274542,
        "narHash": "sha256-Cew1/WUozM3jalItPuj4cNN8GIFMvCaJ1KXoj6wrHwE=",
        "owner": "rust-analyzer",
        "repo": "rust-analyzer",
        "rev": "dd43f3f2d13a32199828e758ddf13176df1f17f9",
        "type": "github"
      },
      "original": {
        "owner": "rust-analyzer",
        "ref": "nightly",
        "repo": "rust-analyzer",
        "type": "github"
      }
    },
    "rust-overlay": {
      "inputs": {
        "flake-utils": "flake-utils_3",
        "nixpkgs": "nixpkgs_4"
      },
      "locked": {
        "lastModified": 1649212438,
        "narHash": "sha256-inr/6z2/3aekw3HP51dSSjbY6oPaaOmd1yHqRbnPHr0=",
        "owner": "oxalica",
        "repo": "rust-overlay",
        "rev": "69e0fdf70582e1b1e3b4d84e5201ca72b58b5b9f",
        "type": "github"
      },
      "original": {
        "owner": "oxalica",
        "repo": "rust-overlay",
        "type": "github"
      }
    },
    "st-tanish2002": {
      "inputs": {
        "nixpkgs": [
          "nixpkgs"
        ]
      },
      "locked": {
        "lastModified": 1646221587,
        "narHash": "sha256-37ifQmzbZvMcRcJ1Q/kXNvi/cD2vUH/zzRuw0aj8DMc=",
        "owner": "Tanish2002",
        "repo": "st-tanish2002",
        "rev": "e86265b3f3c2581705b5c7ae5513b4f40036e180",
        "type": "github"
      },
      "original": {
        "owner": "Tanish2002",
        "repo": "st-tanish2002",
        "type": "github"
      }
    },
    "tabbed-tanish2002": {
      "inputs": {
        "nixpkgs": [
          "nixpkgs"
        ]
      },
      "locked": {
        "lastModified": 1646221741,
        "narHash": "sha256-6rkMVzus0UHrdnbT97KV3ii/xG0gIWfJSIp+gHBUM/4=",
        "owner": "Tanish2002",
        "repo": "tabbed-tanish2002",
        "rev": "961aa0b146dfcd908c5269c0da5d7e89df3a0848",
        "type": "github"
      },
      "original": {
        "owner": "Tanish2002",
        "repo": "tabbed-tanish2002",
        "type": "github"
      }
    },
    "unstable": {
      "locked": {
        "lastModified": 1649225869,
        "narHash": "sha256-u1zLtPmQzhT9mNXyM8Ey9pk7orDrIKdwooeGDEXm5xM=",
        "owner": "nixos",
        "repo": "nixpkgs",
        "rev": "b6966d911da89e5a7301aaef8b4f0a44c77e103c",
        "type": "github"
      },
      "original": {
        "owner": "nixos",
        "ref": "nixos-unstable",
        "repo": "nixpkgs",
        "type": "github"
      }
    },
    "unstable_2": {
      "locked": {
        "lastModified": 1651558728,
        "narHash": "sha256-8HzyRnWlgZluUrVFNOfZAOlA1fghpOSezXvxhalGMUo=",
        "owner": "nixos",
        "repo": "nixpkgs",
        "rev": "cbe587c735b734405f56803e267820ee1559e6c1",
        "type": "github"
      },
      "original": {
        "owner": "nixos",
        "ref": "nixos-unstable",
        "repo": "nixpkgs",
        "type": "github"
      }
    },
    "utils": {
      "locked": {
        "lastModified": 1649676176,
        "narHash": "sha256-OWKJratjt2RW151VUlJPRALb7OU2S5s+f0vLj4o1bHM=",
        "owner": "numtide",
        "repo": "flake-utils",
        "rev": "a4b154ebbdc88c8498a5c7b01589addc9e9cb678",
        "type": "github"
      },
      "original": {
        "owner": "numtide",
        "repo": "flake-utils",
        "type": "github"
      }
    },
    "utils_2": {
      "inputs": {
        "flake-utils": "flake-utils_8"
      },
      "locked": {
        "lastModified": 1647259887,
        "narHash": "sha256-yEkMbEHVO9qydluQ3uHGWX1PkfZhgDKxnd1rhZYZ72w=",
        "owner": "gytis-ivaskevicius",
        "repo": "flake-utils-plus",
        "rev": "06dba5f3b4fa2cc0bfc98ce9cd6f9a4d8db11d46",
        "type": "github"
      },
      "original": {
        "owner": "gytis-ivaskevicius",
        "repo": "flake-utils-plus",
        "type": "github"
      }
    },
    "wallpapers": {
      "flake": false,
      "locked": {
        "lastModified": 1639237876,
        "narHash": "sha256-gVpjxHWDnDUNVMYFjw0/bpOxt/aBHmhY8VS6A4zQAeQ=",
        "owner": "Tanish2002",
        "repo": "wallpapers",
        "rev": "f412a424807b785e85b601866c639945e799f803",
        "type": "github"
      },
      "original": {
        "owner": "Tanish2002",
        "repo": "wallpapers",
        "type": "github"
      }
    },
    "xmonad-tanish2002": {
      "inputs": {
        "nixpkgs": [
          "nixpkgs"
        ]
      },
      "locked": {
        "lastModified": 1648568254,
        "narHash": "sha256-mrwEDVJ0p6+T9x2Wt8U0oprVL2sm/TtQiYa7OVPtZrg=",
        "owner": "Tanish2002",
        "repo": "xmonad-tanish2002",
        "rev": "46b963fe8bed3c393afeecde33ca570a327fa10d",
        "type": "github"
      },
      "original": {
        "owner": "Tanish2002",
        "repo": "xmonad-tanish2002",
        "type": "github"
      }
    }
  },
  "root": "root",
  "version": 7
}
